// !$*UTF8*$!
{
	archiveVersion = 1;
	classes = {
	};
	objectVersion = 46;
	objects = {

/* Begin PBXBuildFile section */
		189462EC1B6B31750063203A /* main.m in Sources */ = {isa = PBXBuildFile; fileRef = 189462EB1B6B31750063203A /* main.m */; };
		189462EF1B6B31750063203A /* AppDelegate.m in Sources */ = {isa = PBXBuildFile; fileRef = 189462EE1B6B31750063203A /* AppDelegate.m */; };
		189462F51B6B31750063203A /* Main.storyboard in Resources */ = {isa = PBXBuildFile; fileRef = 189462F31B6B31750063203A /* Main.storyboard */; };
		189462F71B6B31750063203A /* Images.xcassets in Resources */ = {isa = PBXBuildFile; fileRef = 189462F61B6B31750063203A /* Images.xcassets */; };
		189462FA1B6B31750063203A /* LaunchScreen.xib in Resources */ = {isa = PBXBuildFile; fileRef = 189462F81B6B31750063203A /* LaunchScreen.xib */; };
		189463061B6B31750063203A /* DevInternationalTests.m in Sources */ = {isa = PBXBuildFile; fileRef = 189463051B6B31750063203A /* DevInternationalTests.m */; };
		189463141B6B42340063203A /* AddDevViewController.m in Sources */ = {isa = PBXBuildFile; fileRef = 189463131B6B42340063203A /* AddDevViewController.m */; };
		1894631A1B6B44120063203A /* DevTableViewController.m in Sources */ = {isa = PBXBuildFile; fileRef = 189463191B6B44120063203A /* DevTableViewController.m */; };
		1894631D1B6B918E0063203A /* DevClassObject.m in Sources */ = {isa = PBXBuildFile; fileRef = 1894631C1B6B918E0063203A /* DevClassObject.m */; };
/* End PBXBuildFile section */

/* Begin PBXContainerItemProxy section */
		189463001B6B31750063203A /* PBXContainerItemProxy */ = {
			isa = PBXContainerItemProxy;
			containerPortal = 189462DE1B6B31750063203A /* Project object */;
			proxyType = 1;
			remoteGlobalIDString = 189462E51B6B31750063203A;
			remoteInfo = DevInternational;
		};
/* End PBXContainerItemProxy section */

/* Begin PBXFileReference section */
		189462E61B6B31750063203A /* DevInternational.app */ = {isa = PBXFileReference; explicitFileType = wrapper.application; includeInIndex = 0; path = DevInternational.app; sourceTree = BUILT_PRODUCTS_DIR; };
		189462EA1B6B31750063203A /* Info.plist */ = {isa = PBXFileReference; lastKnownFileType = text.plist.xml; path = Info.plist; sourceTree = "<group>"; };
		189462EB1B6B31750063203A /* main.m */ = {isa = PBXFileReference; lastKnownFileType = sourcecode.c.objc; path = main.m; sourceTree = "<group>"; };
		189462ED1B6B31750063203A /* AppDelegate.h */ = {isa = PBXFileReference; lastKnownFileType = sourcecode.c.h; path = AppDelegate.h; sourceTree = "<group>"; };
		189462EE1B6B31750063203A /* AppDelegate.m */ = {isa = PBXFileReference; lastKnownFileType = sourcecode.c.objc; path = AppDelegate.m; sourceTree = "<group>"; };
		189462F41B6B31750063203A /* Base */ = {isa = PBXFileReference; lastKnownFileType = file.storyboard; name = Base; path = Base.lproj/Main.storyboard; sourceTree = "<group>"; };
		189462F61B6B31750063203A /* Images.xcassets */ = {isa = PBXFileReference; lastKnownFileType = folder.assetcatalog; path = Images.xcassets; sourceTree = "<group>"; };
		189462F91B6B31750063203A /* Base */ = {isa = PBXFileReference; lastKnownFileType = file.xib; name = Base; path = Base.lproj/LaunchScreen.xib; sourceTree = "<group>"; };
		189462FF1B6B31750063203A /* DevInternationalTests.xctest */ = {isa = PBXFileReference; explicitFileType = wrapper.cfbundle; includeInIndex = 0; path = DevInternationalTests.xctest; sourceTree = BUILT_PRODUCTS_DIR; };
		189463041B6B31750063203A /* Info.plist */ = {isa = PBXFileReference; lastKnownFileType = text.plist.xml; path = Info.plist; sourceTree = "<group>"; };
		189463051B6B31750063203A /* DevInternationalTests.m */ = {isa = PBXFileReference; lastKnownFileType = sourcecode.c.objc; path = DevInternationalTests.m; sourceTree = "<group>"; };
		189463121B6B42340063203A /* AddDevViewController.h */ = {isa = PBXFileReference; fileEncoding = 4; lastKnownFileType = sourcecode.c.h; path = AddDevViewController.h; sourceTree = "<group>"; };
		189463131B6B42340063203A /* AddDevViewController.m */ = {isa = PBXFileReference; fileEncoding = 4; lastKnownFileType = sourcecode.c.objc; path = AddDevViewController.m; sourceTree = "<group>"; };
		189463181B6B44120063203A /* DevTableViewController.h */ = {isa = PBXFileReference; fileEncoding = 4; lastKnownFileType = sourcecode.c.h; path = DevTableViewController.h; sourceTree = "<group>"; };
		189463191B6B44120063203A /* DevTableViewController.m */ = {isa = PBXFileReference; fileEncoding = 4; lastKnownFileType = sourcecode.c.objc; path = DevTableViewController.m; sourceTree = "<group>"; };
		1894631B1B6B918E0063203A /* DevClassObject.h */ = {isa = PBXFileReference; fileEncoding = 4; lastKnownFileType = sourcecode.c.h; path = DevClassObject.h; sourceTree = "<group>"; };
		1894631C1B6B918E0063203A /* DevClassObject.m */ = {isa = PBXFileReference; fileEncoding = 4; lastKnownFileType = sourcecode.c.objc; path = DevClassObject.m; sourceTree = "<group>"; };
/* End PBXFileReference section */

/* Begin PBXFrameworksBuildPhase section */
		189462E31B6B31750063203A /* Frameworks */ = {
			isa = PBXFrameworksBuildPhase;
			buildActionMask = 2147483647;
			files = (
			);
			runOnlyForDeploymentPostprocessing = 0;
		};
		189462FC1B6B31750063203A /* Frameworks */ = {
			isa = PBXFrameworksBuildPhase;
			buildActionMask = 2147483647;
			files = (
			);
			runOnlyForDeploymentPostprocessing = 0;
		};
/* End PBXFrameworksBuildPhase section */

/* Begin PBXGroup section */
		189462DD1B6B31750063203A = {
			isa = PBXGroup;
			children = (
				189462E81B6B31750063203A /* DevInternational */,
				189463021B6B31750063203A /* DevInternationalTests */,
				189462E71B6B31750063203A /* Products */,
			);
			sourceTree = "<group>";
		};
		189462E71B6B31750063203A /* Products */ = {
			isa = PBXGroup;
			children = (
				189462E61B6B31750063203A /* DevInternational.app */,
				189462FF1B6B31750063203A /* DevInternationalTests.xctest */,
			);
			name = Products;
			sourceTree = "<group>";
		};
		189462E81B6B31750063203A /* DevInternational */ = {
			isa = PBXGroup;
			children = (
				189462ED1B6B31750063203A /* AppDelegate.h */,
				189462EE1B6B31750063203A /* AppDelegate.m */,
				189462F31B6B31750063203A /* Main.storyboard */,
				189463181B6B44120063203A /* DevTableViewController.h */,
				189463191B6B44120063203A /* DevTableViewController.m */,
				189463121B6B42340063203A /* AddDevViewController.h */,
				189463131B6B42340063203A /* AddDevViewController.m */,
				1894631B1B6B918E0063203A /* DevClassObject.h */,
				1894631C1B6B918E0063203A /* DevClassObject.m */,
				189462F61B6B31750063203A /* Images.xcassets */,
				189462F81B6B31750063203A /* LaunchScreen.xib */,
				189462E91B6B31750063203A /* Supporting Files */,
			);
			path = DevInternational;
			sourceTree = "<group>";
		};
		189462E91B6B31750063203A /* Supporting Files */ = {
			isa = PBXGroup;
			children = (
				189462EA1B6B31750063203A /* Info.plist */,
				189462EB1B6B31750063203A /* main.m */,
			);
			name = "Supporting Files";
			sourceTree = "<group>";
		};
		189463021B6B31750063203A /* DevInternationalTests */ = {
			isa = PBXGroup;
			children = (
				189463051B6B31750063203A /* DevInternationalTests.m */,
				189463031B6B31750063203A /* Supporting Files */,
			);
			path = DevInternationalTests;
			sourceTree = "<group>";
		};
		189463031B6B31750063203A /* Supporting Files */ = {
			isa = PBXGroup;
			children = (
				189463041B6B31750063203A /* Info.plist */,
			);
			name = "Supporting Files";
			sourceTree = "<group>";
		};
/* End PBXGroup section */

/* Begin PBXNativeTarget section */
		189462E51B6B31750063203A /* DevInternational */ = {
			isa = PBXNativeTarget;
			buildConfigurationList = 189463091B6B31750063203A /* Build configuration list for PBXNativeTarget "DevInternational" */;
			buildPhases = (
				189462E21B6B31750063203A /* Sources */,
				189462E31B6B31750063203A /* Frameworks */,
				189462E41B6B31750063203A /* Resources */,
			);
			buildRules = (
			);
			dependencies = (
			);
			name = DevInternational;
			productName = DevInternational;
			productReference = 189462E61B6B31750063203A /* DevInternational.app */;
			productType = "com.apple.product-type.application";
		};
		189462FE1B6B31750063203A /* DevInternationalTests */ = {
			isa = PBXNativeTarget;
			buildConfigurationList = 1894630C1B6B31750063203A /* Build configuration list for PBXNativeTarget "DevInternationalTests" */;
			buildPhases = (
				189462FB1B6B31750063203A /* Sources */,
				189462FC1B6B31750063203A /* Frameworks */,
				189462FD1B6B31750063203A /* Resources */,
			);
			buildRules = (
			);
			dependencies = (
				189463011B6B31750063203A /* PBXTargetDependency */,
			);
			name = DevInternationalTests;
			productName = DevInternationalTests;
			productReference = 189462FF1B6B31750063203A /* DevInternationalTests.xctest */;
			productType = "com.apple.product-type.bundle.unit-test";
		};
/* End PBXNativeTarget section */

/* Begin PBXProject section */
		189462DE1B6B31750063203A /* Project object */ = {
			isa = PBXProject;
			attributes = {
				LastUpgradeCheck = 0630;
				ORGANIZATIONNAME = MacManApp;
				TargetAttributes = {
					189462E51B6B31750063203A = {
						CreatedOnToolsVersion = 6.3.2;
					};
					189462FE1B6B31750063203A = {
						CreatedOnToolsVersion = 6.3.2;
						TestTargetID = 189462E51B6B31750063203A;
					};
				};
			};
			buildConfigurationList = 189462E11B6B31750063203A /* Build configuration list for PBXProject "DevInternational" */;
			compatibilityVersion = "Xcode 3.2";
			developmentRegion = English;
			hasScannedForEncodings = 0;
			knownRegions = (
				en,
				Base,
			);
			mainGroup = 189462DD1B6B31750063203A;
			productRefGroup = 189462E71B6B31750063203A /* Products */;
			projectDirPath = "";
			projectRoot = "";
			targets = (
				189462E51B6B31750063203A /* DevInternational */,
				189462FE1B6B31750063203A /* DevInternationalTests */,
			);
		};
/* End PBXProject section */

/* Begin PBXResourcesBuildPhase section */
		189462E41B6B31750063203A /* Resources */ = {
			isa = PBXResourcesBuildPhase;
			buildActionMask = 2147483647;
			files = (
				189462F51B6B31750063203A /* Main.storyboard in Resources */,
				189462FA1B6B31750063203A /* LaunchScreen.xib in Resources */,
				189462F71B6B31750063203A /* Images.xcassets in Resources */,
			);
			runOnlyForDeploymentPostprocessing = 0;
		};
		189462FD1B6B31750063203A /* Resources */ = {
			isa = PBXResourcesBuildPhase;
			buildActionMask = 2147483647;
			files = (
			);
			runOnlyForDeploymentPostprocessing = 0;
		};
/* End PBXResourcesBuildPhase section */

/* Begin PBXSourcesBuildPhase section */
		189462E21B6B31750063203A /* Sources */ = {
			isa = PBXSourcesBuildPhase;
			buildActionMask = 2147483647;
			files = (
				189462EF1B6B31750063203A /* AppDelegate.m in Sources */,
				1894631A1B6B44120063203A /* DevTableViewController.m in Sources */,
				189462EC1B6B31750063203A /* main.m in Sources */,
				1894631D1B6B918E0063203A /* DevClassObject.m in Sources */,
				189463141B6B42340063203A /* AddDevViewController.m in Sources */,
			);
			runOnlyForDeploymentPostprocessing = 0;
		};
		189462FB1B6B31750063203A /* Sources */ = {
			isa = PBXSourcesBuildPhase;
			buildActionMask = 2147483647;
			files = (
				189463061B6B31750063203A /* DevInternationalTests.m in Sources */,
			);
			runOnlyForDeploymentPostprocessing = 0;
		};
/* End PBXSourcesBuildPhase section */

/* Begin PBXTargetDependency section */
		189463011B6B31750063203A /* PBXTargetDependency */ = {
			isa = PBXTargetDependency;
			target = 189462E51B6B31750063203A /* DevInternational */;
			targetProxy = 189463001B6B31750063203A /* PBXContainerItemProxy */;
		};
/* End PBXTargetDependency section */

/* Begin PBXVariantGroup section */
		189462F31B6B31750063203A /* Main.storyboard */ = {
			isa = PBXVariantGroup;
			children = (
				189462F41B6B31750063203A /* Base */,
			);
			name = Main.storyboard;
			sourceTree = "<group>";
		};
		189462F81B6B31750063203A /* LaunchScreen.xib */ = {
			isa = PBXVariantGroup;
			children = (
				189462F91B6B31750063203A /* Base */,
			);
			name = LaunchScreen.xib;
			sourceTree = "<group>";
		};
/* End PBXVariantGroup section */

/* Begin XCBuildConfiguration section */
		189463071B6B31750063203A /* Debug */ = {
			isa = XCBuildConfiguration;
			buildSettings = {
				ALWAYS_SEARCH_USER_PATHS = NO;
				CLANG_CXX_LANGUAGE_STANDARD = "gnu++0x";
				CLANG_CXX_LIBRARY = "libc++";
				CLANG_ENABLE_MODULES = YES;
				CLANG_ENABLE_OBJC_ARC = YES;
				CLANG_WARN_BOOL_CONVERSION = YES;
				CLANG_WARN_CONSTANT_CONVERSION = YES;
				CLANG_WARN_DIRECT_OBJC_ISA_USAGE = YES_ERROR;
				CLANG_WARN_EMPTY_BODY = YES;
				CLANG_WARN_ENUM_CONVERSION = YES;
				CLANG_WARN_INT_CONVERSION = YES;
				CLANG_WARN_OBJC_ROOT_CLASS = YES_ERROR;
				CLANG_WARN_UNREACHABLE_CODE = YES;
				CLANG_WARN__DUPLICATE_METHOD_MATCH = YES;
				"CODE_SIGN_IDENTITY[sdk=iphoneos*]" = "iPhone Developer";
				COPY_PHASE_STRIP = NO;
				DEBUG_INFORMATION_FORMAT = "dwarf-with-dsym";
				ENABLE_STRICT_OBJC_MSGSEND = YES;
				GCC_C_LANGUAGE_STANDARD = gnu99;
				GCC_DYNAMIC_NO_PIC = NO;
				GCC_NO_COMMON_BLOCKS = YES;
				GCC_OPTIMIZATION_LEVEL = 0;
				GCC_PREPROCESSOR_DEFINITIONS = (
					"DEBUG=1",
					"$(inherited)",
				);
				GCC_SYMBOLS_PRIVATE_EXTERN = NO;
				GCC_WARN_64_TO_32_BIT_CONVERSION = YES;
				GCC_WARN_ABOUT_RETURN_TYPE = YES_ERROR;
				GCC_WARN_UNDECLARED_SELECTOR = YES;
				GCC_WARN_UNINITIALIZED_AUTOS = YES_AGGRESSIVE;
				GCC_WARN_UNUSED_FUNCTION = YES;
				GCC_WARN_UNUSED_VARIABLE = YES;
				IPHONEOS_DEPLOYMENT_TARGET = 8.3;
				MTL_ENABLE_DEBUG_INFO = YES;
				ONLY_ACTIVE_ARCH = YES;
				SDKROOT = iphoneos;
				TARGETED_DEVICE_FAMILY = "1,2";
			};
			name = Debug;
		};
		189463081B6B31750063203A /* Release */ = {
			isa = XCBuildConfiguration;
			buildSettings = {
				ALWAYS_SEARCH_USER_PATHS = NO;
				CLANG_CXX_LANGUAGE_STANDARD = "gnu++0x";
				CLANG_CXX_LIBRARY = "libc++";
				CLANG_ENABLE_MODULES = YES;
				CLANG_ENABLE_OBJC_ARC = YES;
				CLANG_WARN_BOOL_CONVERSION = YES;
				CLANG_WARN_CONSTANT_CONVERSION = YES;
				CLANG_WARN_DIRECT_OBJC_ISA_USAGE = YES_ERROR;
				CLANG_WARN_EMPTY_BODY = YES;
				CLANG_WARN_ENUM_CONVERSION = YES;
				CLANG_WARN_INT_CONVERSION = YES;
				CLANG_WARN_OBJC_ROOT_CLASS = YES_ERROR;
				CLANG_WARN_UNREACHABLE_CODE = YES;
				CLANG_WARN__DUPLICATE_METHOD_MATCH = YES;
				"CODE_SIGN_IDENTITY[sdk=iphoneos*]" = "iPhone Developer";
				COPY_PHASE_STRIP = NO;
				DEBUG_INFORMATION_FORMAT = "dwarf-with-dsym";
				ENABLE_NS_ASSERTIONS = NO;
				ENABLE_STRICT_OBJC_MSGSEND = YES;
				GCC_C_LANGUAGE_STANDARD = gnu99;
				GCC_NO_COMMON_BLOCKS = YES;
				GCC_WARN_64_TO_32_BIT_CONVERSION = YES;
				GCC_WARN_ABOUT_RETURN_TYPE = YES_ERROR;
				GCC_WARN_UNDECLARED_SELECTOR = YES;
				GCC_WARN_UNINITIALIZED_AUTOS = YES_AGGRESSIVE;
				GCC_WARN_UNUSED_FUNCTION = YES;
				GCC_WARN_UNUSED_VARIABLE = YES;
				IPHONEOS_DEPLOYMENT_TARGET = 8.3;
				MTL_ENABLE_DEBUG_INFO = NO;
				SDKROOT = iphoneos;
				TARGETED_DEVICE_FAMILY = "1,2";
				VALIDATE_PRODUCT = YES;
			};
			name = Release;
		};
		1894630A1B6B31750063203A /* Debug */ = {
			isa = XCBuildConfiguration;
			buildSettings = {
				ASSETCATALOG_COMPILER_APPICON_NAME = AppIcon;
				INFOPLIST_FILE = DevInternational/Info.plist;
				LD_RUNPATH_SEARCH_PATHS = "$(inherited) @executable_path/Frameworks";
				PRODUCT_NAME = "$(TARGET_NAME)";
			};
			name = Debug;
		};
		1894630B1B6B31750063203A /* Release */ = {
			isa = XCBuildConfiguration;
			buildSettings = {
				ASSETCATALOG_COMPILER_APPICON_NAME = AppIcon;
				INFOPLIST_FILE = DevInternational/Info.plist;
				LD_RUNPATH_SEARCH_PATHS = "$(inherited) @executable_path/Frameworks";
				PRODUCT_NAME = "$(TARGET_NAME)";
			};
			name = Release;
		};
		1894630D1B6B31750063203A /* Debug */ = {
			isa = XCBuildConfiguration;
			buildSettings = {
				BUNDLE_LOADER = "$(TEST_HOST)";
				FRAMEWORK_SEARCH_PATHS = (
					"$(SDKROOT)/Developer/Library/Frameworks",
					"$(inherited)",
				);
				GCC_PREPROCESSOR_DEFINITIONS = (
					"DEBUG=1",
					"$(inherited)",
				);
				INFOPLIST_FILE = DevInternationalTests/Info.plist;
				LD_RUNPATH_SEARCH_PATHS = "$(inherited) @executable_path/Frameworks @loader_path/Frameworks";
				PRODUCT_NAME = "$(TARGET_NAME)";
				TEST_HOST = "$(BUILT_PRODUCTS_DIR)/DevInternational.app/DevInternational";
			};
			name = Debug;
		};
		1894630E1B6B31750063203A /* Release */ = {
			isa = XCBuildConfiguration;
			buildSettings = {
				BUNDLE_LOADER = "$(TEST_HOST)";
				FRAMEWORK_SEARCH_PATHS = (
					"$(SDKROOT)/Developer/Library/Frameworks",
					"$(inherited)",
				);
				INFOPLIST_FILE = DevInternationalTests/Info.plist;
				LD_RUNPATH_SEARCH_PATHS = "$(inherited) @executable_path/Frameworks @loader_path/Frameworks";
				PRODUCT_NAME = "$(TARGET_NAME)";
				TEST_HOST = "$(BUILT_PRODUCTS_DIR)/DevInternational.app/DevInternational";
			};
			name = Release;
		};
/* End XCBuildConfiguration section */

/* Begin XCConfigurationList section */
		189462E11B6B31750063203A /* Build configuration list for PBXProject "DevInternational" */ = {
			isa = XCConfigurationList;
			buildConfigurations = (
				189463071B6B31750063203A /* Debug */,
				189463081B6B31750063203A /* Release */,
			);
			defaultConfigurationIsVisible = 0;
			defaultConfigurationName = Release;
		};
		189463091B6B31750063203A /* Build configuration list for PBXNativeTarget "DevInternational" */ = {
			isa = XCConfigurationList;
			buildConfigurations = (
				1894630A1B6B31750063203A /* Debug */,
				1894630B1B6B31750063203A /* Release */,
			);
			defaultConfigurationIsVisible = 0;
		};
		1894630C1B6B31750063203A /* Build configuration list for PBXNativeTarget "DevInternationalTests" */ = {
			isa = XCConfigurationList;
			buildConfigurations = (
				1894630D1B6B31750063203A /* Debug */,
				1894630E1B6B31750063203A /* Release */,
			);
			defaultConfigurationIsVisible = 0;
		};
/* End XCConfigurationList section */
	};
	rootObject = 189462DE1B6B31750063203A /* Project object */;
}
