// !$*UTF8*$!
{
	archiveVersion = 1;
	classes = {
	};
	objectVersion = 46;
	objects = {

/* Begin PBXBuildFile section */
		18AB7B941B65D52E007AF566 /* main.m in Sources */ = {isa = PBXBuildFile; fileRef = 18AB7B931B65D52E007AF566 /* main.m */; };
		18AB7B971B65D52E007AF566 /* AppDelegate.m in Sources */ = {isa = PBXBuildFile; fileRef = 18AB7B961B65D52E007AF566 /* AppDelegate.m */; };
		18AB7B9D1B65D52E007AF566 /* Main.storyboard in Resources */ = {isa = PBXBuildFile; fileRef = 18AB7B9B1B65D52E007AF566 /* Main.storyboard */; };
		18AB7B9F1B65D52E007AF566 /* Images.xcassets in Resources */ = {isa = PBXBuildFile; fileRef = 18AB7B9E1B65D52E007AF566 /* Images.xcassets */; };
		18AB7BA21B65D52E007AF566 /* LaunchScreen.xib in Resources */ = {isa = PBXBuildFile; fileRef = 18AB7BA01B65D52E007AF566 /* LaunchScreen.xib */; };
		18AB7BAE1B65D52E007AF566 /* kpToDoAppTests.m in Sources */ = {isa = PBXBuildFile; fileRef = 18AB7BAD1B65D52E007AF566 /* kpToDoAppTests.m */; };
		18AB7BB91B669185007AF566 /* AddToDoItemViewController.m in Sources */ = {isa = PBXBuildFile; fileRef = 18AB7BB81B669185007AF566 /* AddToDoItemViewController.m */; };
		18B76F451B67368200F4428F /* ToDoListTableViewController.m in Sources */ = {isa = PBXBuildFile; fileRef = 18B76F441B67368200F4428F /* ToDoListTableViewController.m */; };
		18B76F481B67D58F00F4428F /* ToDoItem.m in Sources */ = {isa = PBXBuildFile; fileRef = 18B76F471B67D58F00F4428F /* ToDoItem.m */; };
/* End PBXBuildFile section */

/* Begin PBXContainerItemProxy section */
		18AB7BA81B65D52E007AF566 /* PBXContainerItemProxy */ = {
			isa = PBXContainerItemProxy;
			containerPortal = 18AB7B861B65D52E007AF566 /* Project object */;
			proxyType = 1;
			remoteGlobalIDString = 18AB7B8D1B65D52E007AF566;
			remoteInfo = kpToDoApp;
		};
/* End PBXContainerItemProxy section */

/* Begin PBXFileReference section */
		18AB7B8E1B65D52E007AF566 /* kpToDoApp.app */ = {isa = PBXFileReference; explicitFileType = wrapper.application; includeInIndex = 0; path = kpToDoApp.app; sourceTree = BUILT_PRODUCTS_DIR; };
		18AB7B921B65D52E007AF566 /* Info.plist */ = {isa = PBXFileReference; lastKnownFileType = text.plist.xml; path = Info.plist; sourceTree = "<group>"; };
		18AB7B931B65D52E007AF566 /* main.m */ = {isa = PBXFileReference; lastKnownFileType = sourcecode.c.objc; path = main.m; sourceTree = "<group>"; };
		18AB7B951B65D52E007AF566 /* AppDelegate.h */ = {isa = PBXFileReference; lastKnownFileType = sourcecode.c.h; path = AppDelegate.h; sourceTree = "<group>"; };
		18AB7B961B65D52E007AF566 /* AppDelegate.m */ = {isa = PBXFileReference; lastKnownFileType = sourcecode.c.objc; path = AppDelegate.m; sourceTree = "<group>"; };
		18AB7B9C1B65D52E007AF566 /* Base */ = {isa = PBXFileReference; lastKnownFileType = file.storyboard; name = Base; path = Base.lproj/Main.storyboard; sourceTree = "<group>"; };
		18AB7B9E1B65D52E007AF566 /* Images.xcassets */ = {isa = PBXFileReference; lastKnownFileType = folder.assetcatalog; path = Images.xcassets; sourceTree = "<group>"; };
		18AB7BA11B65D52E007AF566 /* Base */ = {isa = PBXFileReference; lastKnownFileType = file.xib; name = Base; path = Base.lproj/LaunchScreen.xib; sourceTree = "<group>"; };
		18AB7BA71B65D52E007AF566 /* kpToDoAppTests.xctest */ = {isa = PBXFileReference; explicitFileType = wrapper.cfbundle; includeInIndex = 0; path = kpToDoAppTests.xctest; sourceTree = BUILT_PRODUCTS_DIR; };
		18AB7BAC1B65D52E007AF566 /* Info.plist */ = {isa = PBXFileReference; lastKnownFileType = text.plist.xml; path = Info.plist; sourceTree = "<group>"; };
		18AB7BAD1B65D52E007AF566 /* kpToDoAppTests.m */ = {isa = PBXFileReference; lastKnownFileType = sourcecode.c.objc; path = kpToDoAppTests.m; sourceTree = "<group>"; };
		18AB7BB71B669185007AF566 /* AddToDoItemViewController.h */ = {isa = PBXFileReference; fileEncoding = 4; lastKnownFileType = sourcecode.c.h; path = AddToDoItemViewController.h; sourceTree = "<group>"; };
		18AB7BB81B669185007AF566 /* AddToDoItemViewController.m */ = {isa = PBXFileReference; fileEncoding = 4; lastKnownFileType = sourcecode.c.objc; path = AddToDoItemViewController.m; sourceTree = "<group>"; };
		18B76F431B67368200F4428F /* ToDoListTableViewController.h */ = {isa = PBXFileReference; fileEncoding = 4; lastKnownFileType = sourcecode.c.h; path = ToDoListTableViewController.h; sourceTree = "<group>"; };
		18B76F441B67368200F4428F /* ToDoListTableViewController.m */ = {isa = PBXFileReference; fileEncoding = 4; lastKnownFileType = sourcecode.c.objc; path = ToDoListTableViewController.m; sourceTree = "<group>"; };
		18B76F461B67D58F00F4428F /* ToDoItem.h */ = {isa = PBXFileReference; fileEncoding = 4; lastKnownFileType = sourcecode.c.h; path = ToDoItem.h; sourceTree = "<group>"; };
		18B76F471B67D58F00F4428F /* ToDoItem.m */ = {isa = PBXFileReference; fileEncoding = 4; lastKnownFileType = sourcecode.c.objc; path = ToDoItem.m; sourceTree = "<group>"; };
/* End PBXFileReference section */

/* Begin PBXFrameworksBuildPhase section */
		18AB7B8B1B65D52E007AF566 /* Frameworks */ = {
			isa = PBXFrameworksBuildPhase;
			buildActionMask = 2147483647;
			files = (
			);
			runOnlyForDeploymentPostprocessing = 0;
		};
		18AB7BA41B65D52E007AF566 /* Frameworks */ = {
			isa = PBXFrameworksBuildPhase;
			buildActionMask = 2147483647;
			files = (
			);
			runOnlyForDeploymentPostprocessing = 0;
		};
/* End PBXFrameworksBuildPhase section */

/* Begin PBXGroup section */
		18AB7B851B65D52E007AF566 = {
			isa = PBXGroup;
			children = (
				18AB7B901B65D52E007AF566 /* kpToDoApp */,
				18AB7BAA1B65D52E007AF566 /* kpToDoAppTests */,
				18AB7B8F1B65D52E007AF566 /* Products */,
			);
			sourceTree = "<group>";
		};
		18AB7B8F1B65D52E007AF566 /* Products */ = {
			isa = PBXGroup;
			children = (
				18AB7B8E1B65D52E007AF566 /* kpToDoApp.app */,
				18AB7BA71B65D52E007AF566 /* kpToDoAppTests.xctest */,
			);
			name = Products;
			sourceTree = "<group>";
		};
		18AB7B901B65D52E007AF566 /* kpToDoApp */ = {
			isa = PBXGroup;
			children = (
				18B76F431B67368200F4428F /* ToDoListTableViewController.h */,
				18B76F441B67368200F4428F /* ToDoListTableViewController.m */,
				18AB7B951B65D52E007AF566 /* AppDelegate.h */,
				18AB7B961B65D52E007AF566 /* AppDelegate.m */,
				18AB7B9B1B65D52E007AF566 /* Main.storyboard */,
				18B76F461B67D58F00F4428F /* ToDoItem.h */,
				18B76F471B67D58F00F4428F /* ToDoItem.m */,
				18AB7BB71B669185007AF566 /* AddToDoItemViewController.h */,
				18AB7BB81B669185007AF566 /* AddToDoItemViewController.m */,
				18AB7B9E1B65D52E007AF566 /* Images.xcassets */,
				18AB7BA01B65D52E007AF566 /* LaunchScreen.xib */,
				18AB7B911B65D52E007AF566 /* Supporting Files */,
			);
			path = kpToDoApp;
			sourceTree = "<group>";
		};
		18AB7B911B65D52E007AF566 /* Supporting Files */ = {
			isa = PBXGroup;
			children = (
				18AB7B921B65D52E007AF566 /* Info.plist */,
				18AB7B931B65D52E007AF566 /* main.m */,
			);
			name = "Supporting Files";
			sourceTree = "<group>";
		};
		18AB7BAA1B65D52E007AF566 /* kpToDoAppTests */ = {
			isa = PBXGroup;
			children = (
				18AB7BAD1B65D52E007AF566 /* kpToDoAppTests.m */,
				18AB7BAB1B65D52E007AF566 /* Supporting Files */,
			);
			path = kpToDoAppTests;
			sourceTree = "<group>";
		};
		18AB7BAB1B65D52E007AF566 /* Supporting Files */ = {
			isa = PBXGroup;
			children = (
				18AB7BAC1B65D52E007AF566 /* Info.plist */,
			);
			name = "Supporting Files";
			sourceTree = "<group>";
		};
/* End PBXGroup section */

/* Begin PBXNativeTarget section */
		18AB7B8D1B65D52E007AF566 /* kpToDoApp */ = {
			isa = PBXNativeTarget;
			buildConfigurationList = 18AB7BB11B65D52E007AF566 /* Build configuration list for PBXNativeTarget "kpToDoApp" */;
			buildPhases = (
				18AB7B8A1B65D52E007AF566 /* Sources */,
				18AB7B8B1B65D52E007AF566 /* Frameworks */,
				18AB7B8C1B65D52E007AF566 /* Resources */,
			);
			buildRules = (
			);
			dependencies = (
			);
			name = kpToDoApp;
			productName = kpToDoApp;
			productReference = 18AB7B8E1B65D52E007AF566 /* kpToDoApp.app */;
			productType = "com.apple.product-type.application";
		};
		18AB7BA61B65D52E007AF566 /* kpToDoAppTests */ = {
			isa = PBXNativeTarget;
			buildConfigurationList = 18AB7BB41B65D52E007AF566 /* Build configuration list for PBXNativeTarget "kpToDoAppTests" */;
			buildPhases = (
				18AB7BA31B65D52E007AF566 /* Sources */,
				18AB7BA41B65D52E007AF566 /* Frameworks */,
				18AB7BA51B65D52E007AF566 /* Resources */,
			);
			buildRules = (
			);
			dependencies = (
				18AB7BA91B65D52E007AF566 /* PBXTargetDependency */,
			);
			name = kpToDoAppTests;
			productName = kpToDoAppTests;
			productReference = 18AB7BA71B65D52E007AF566 /* kpToDoAppTests.xctest */;
			productType = "com.apple.product-type.bundle.unit-test";
		};
/* End PBXNativeTarget section */

/* Begin PBXProject section */
		18AB7B861B65D52E007AF566 /* Project object */ = {
			isa = PBXProject;
			attributes = {
				LastUpgradeCheck = 0630;
				ORGANIZATIONNAME = MacManApp;
				TargetAttributes = {
					18AB7B8D1B65D52E007AF566 = {
						CreatedOnToolsVersion = 6.3.2;
					};
					18AB7BA61B65D52E007AF566 = {
						CreatedOnToolsVersion = 6.3.2;
						TestTargetID = 18AB7B8D1B65D52E007AF566;
					};
				};
			};
			buildConfigurationList = 18AB7B891B65D52E007AF566 /* Build configuration list for PBXProject "kpToDoApp" */;
			compatibilityVersion = "Xcode 3.2";
			developmentRegion = English;
			hasScannedForEncodings = 0;
			knownRegions = (
				en,
				Base,
			);
			mainGroup = 18AB7B851B65D52E007AF566;
			productRefGroup = 18AB7B8F1B65D52E007AF566 /* Products */;
			projectDirPath = "";
			projectRoot = "";
			targets = (
				18AB7B8D1B65D52E007AF566 /* kpToDoApp */,
				18AB7BA61B65D52E007AF566 /* kpToDoAppTests */,
			);
		};
/* End PBXProject section */

/* Begin PBXResourcesBuildPhase section */
		18AB7B8C1B65D52E007AF566 /* Resources */ = {
			isa = PBXResourcesBuildPhase;
			buildActionMask = 2147483647;
			files = (
				18AB7B9D1B65D52E007AF566 /* Main.storyboard in Resources */,
				18AB7BA21B65D52E007AF566 /* LaunchScreen.xib in Resources */,
				18AB7B9F1B65D52E007AF566 /* Images.xcassets in Resources */,
			);
			runOnlyForDeploymentPostprocessing = 0;
		};
		18AB7BA51B65D52E007AF566 /* Resources */ = {
			isa = PBXResourcesBuildPhase;
			buildActionMask = 2147483647;
			files = (
			);
			runOnlyForDeploymentPostprocessing = 0;
		};
/* End PBXResourcesBuildPhase section */

/* Begin PBXSourcesBuildPhase section */
		18AB7B8A1B65D52E007AF566 /* Sources */ = {
			isa = PBXSourcesBuildPhase;
			buildActionMask = 2147483647;
			files = (
				18AB7B971B65D52E007AF566 /* AppDelegate.m in Sources */,
				18B76F481B67D58F00F4428F /* ToDoItem.m in Sources */,
				18B76F451B67368200F4428F /* ToDoListTableViewController.m in Sources */,
				18AB7B941B65D52E007AF566 /* main.m in Sources */,
				18AB7BB91B669185007AF566 /* AddToDoItemViewController.m in Sources */,
			);
			runOnlyForDeploymentPostprocessing = 0;
		};
		18AB7BA31B65D52E007AF566 /* Sources */ = {
			isa = PBXSourcesBuildPhase;
			buildActionMask = 2147483647;
			files = (
				18AB7BAE1B65D52E007AF566 /* kpToDoAppTests.m in Sources */,
			);
			runOnlyForDeploymentPostprocessing = 0;
		};
/* End PBXSourcesBuildPhase section */

/* Begin PBXTargetDependency section */
		18AB7BA91B65D52E007AF566 /* PBXTargetDependency */ = {
			isa = PBXTargetDependency;
			target = 18AB7B8D1B65D52E007AF566 /* kpToDoApp */;
			targetProxy = 18AB7BA81B65D52E007AF566 /* PBXContainerItemProxy */;
		};
/* End PBXTargetDependency section */

/* Begin PBXVariantGroup section */
		18AB7B9B1B65D52E007AF566 /* Main.storyboard */ = {
			isa = PBXVariantGroup;
			children = (
				18AB7B9C1B65D52E007AF566 /* Base */,
			);
			name = Main.storyboard;
			sourceTree = "<group>";
		};
		18AB7BA01B65D52E007AF566 /* LaunchScreen.xib */ = {
			isa = PBXVariantGroup;
			children = (
				18AB7BA11B65D52E007AF566 /* Base */,
			);
			name = LaunchScreen.xib;
			sourceTree = "<group>";
		};
/* End PBXVariantGroup section */

/* Begin XCBuildConfiguration section */
		18AB7BAF1B65D52E007AF566 /* Debug */ = {
			isa = XCBuildConfiguration;
			buildSettings = {
				ALWAYS_SEARCH_USER_PATHS = NO;
				CLANG_CXX_LANGUAGE_STANDARD = "gnu++0x";
				CLANG_CXX_LIBRARY = "libc++";
				CLANG_ENABLE_MODULES = YES;
				CLANG_ENABLE_OBJC_ARC = YES;
				CLANG_WARN_BOOL_CONVERSION = YES;
				CLANG_WARN_CONSTANT_CONVERSION = YES;
				CLANG_WARN_DIRECT_OBJC_ISA_USAGE = YES_ERROR;
				CLANG_WARN_EMPTY_BODY = YES;
				CLANG_WARN_ENUM_CONVERSION = YES;
				CLANG_WARN_INT_CONVERSION = YES;
				CLANG_WARN_OBJC_ROOT_CLASS = YES_ERROR;
				CLANG_WARN_UNREACHABLE_CODE = YES;
				CLANG_WARN__DUPLICATE_METHOD_MATCH = YES;
				"CODE_SIGN_IDENTITY[sdk=iphoneos*]" = "iPhone Developer";
				COPY_PHASE_STRIP = NO;
				DEBUG_INFORMATION_FORMAT = "dwarf-with-dsym";
				ENABLE_STRICT_OBJC_MSGSEND = YES;
				GCC_C_LANGUAGE_STANDARD = gnu99;
				GCC_DYNAMIC_NO_PIC = NO;
				GCC_NO_COMMON_BLOCKS = YES;
				GCC_OPTIMIZATION_LEVEL = 0;
				GCC_PREPROCESSOR_DEFINITIONS = (
					"DEBUG=1",
					"$(inherited)",
				);
				GCC_SYMBOLS_PRIVATE_EXTERN = NO;
				GCC_WARN_64_TO_32_BIT_CONVERSION = YES;
				GCC_WARN_ABOUT_RETURN_TYPE = YES_ERROR;
				GCC_WARN_UNDECLARED_SELECTOR = YES;
				GCC_WARN_UNINITIALIZED_AUTOS = YES_AGGRESSIVE;
				GCC_WARN_UNUSED_FUNCTION = YES;
				GCC_WARN_UNUSED_VARIABLE = YES;
				IPHONEOS_DEPLOYMENT_TARGET = 8.3;
				MTL_ENABLE_DEBUG_INFO = YES;
				ONLY_ACTIVE_ARCH = YES;
				SDKROOT = iphoneos;
				TARGETED_DEVICE_FAMILY = "1,2";
			};
			name = Debug;
		};
		18AB7BB01B65D52E007AF566 /* Release */ = {
			isa = XCBuildConfiguration;
			buildSettings = {
				ALWAYS_SEARCH_USER_PATHS = NO;
				CLANG_CXX_LANGUAGE_STANDARD = "gnu++0x";
				CLANG_CXX_LIBRARY = "libc++";
				CLANG_ENABLE_MODULES = YES;
				CLANG_ENABLE_OBJC_ARC = YES;
				CLANG_WARN_BOOL_CONVERSION = YES;
				CLANG_WARN_CONSTANT_CONVERSION = YES;
				CLANG_WARN_DIRECT_OBJC_ISA_USAGE = YES_ERROR;
				CLANG_WARN_EMPTY_BODY = YES;
				CLANG_WARN_ENUM_CONVERSION = YES;
				CLANG_WARN_INT_CONVERSION = YES;
				CLANG_WARN_OBJC_ROOT_CLASS = YES_ERROR;
				CLANG_WARN_UNREACHABLE_CODE = YES;
				CLANG_WARN__DUPLICATE_METHOD_MATCH = YES;
				"CODE_SIGN_IDENTITY[sdk=iphoneos*]" = "iPhone Developer";
				COPY_PHASE_STRIP = NO;
				DEBUG_INFORMATION_FORMAT = "dwarf-with-dsym";
				ENABLE_NS_ASSERTIONS = NO;
				ENABLE_STRICT_OBJC_MSGSEND = YES;
				GCC_C_LANGUAGE_STANDARD = gnu99;
				GCC_NO_COMMON_BLOCKS = YES;
				GCC_WARN_64_TO_32_BIT_CONVERSION = YES;
				GCC_WARN_ABOUT_RETURN_TYPE = YES_ERROR;
				GCC_WARN_UNDECLARED_SELECTOR = YES;
				GCC_WARN_UNINITIALIZED_AUTOS = YES_AGGRESSIVE;
				GCC_WARN_UNUSED_FUNCTION = YES;
				GCC_WARN_UNUSED_VARIABLE = YES;
				IPHONEOS_DEPLOYMENT_TARGET = 8.3;
				MTL_ENABLE_DEBUG_INFO = NO;
				SDKROOT = iphoneos;
				TARGETED_DEVICE_FAMILY = "1,2";
				VALIDATE_PRODUCT = YES;
			};
			name = Release;
		};
		18AB7BB21B65D52E007AF566 /* Debug */ = {
			isa = XCBuildConfiguration;
			buildSettings = {
				ASSETCATALOG_COMPILER_APPICON_NAME = AppIcon;
				INFOPLIST_FILE = kpToDoApp/Info.plist;
				LD_RUNPATH_SEARCH_PATHS = "$(inherited) @executable_path/Frameworks";
				PRODUCT_NAME = "$(TARGET_NAME)";
			};
			name = Debug;
		};
		18AB7BB31B65D52E007AF566 /* Release */ = {
			isa = XCBuildConfiguration;
			buildSettings = {
				ASSETCATALOG_COMPILER_APPICON_NAME = AppIcon;
				INFOPLIST_FILE = kpToDoApp/Info.plist;
				LD_RUNPATH_SEARCH_PATHS = "$(inherited) @executable_path/Frameworks";
				PRODUCT_NAME = "$(TARGET_NAME)";
			};
			name = Release;
		};
		18AB7BB51B65D52E007AF566 /* Debug */ = {
			isa = XCBuildConfiguration;
			buildSettings = {
				BUNDLE_LOADER = "$(TEST_HOST)";
				FRAMEWORK_SEARCH_PATHS = (
					"$(SDKROOT)/Developer/Library/Frameworks",
					"$(inherited)",
				);
				GCC_PREPROCESSOR_DEFINITIONS = (
					"DEBUG=1",
					"$(inherited)",
				);
				INFOPLIST_FILE = kpToDoAppTests/Info.plist;
				LD_RUNPATH_SEARCH_PATHS = "$(inherited) @executable_path/Frameworks @loader_path/Frameworks";
				PRODUCT_NAME = "$(TARGET_NAME)";
				TEST_HOST = "$(BUILT_PRODUCTS_DIR)/kpToDoApp.app/kpToDoApp";
			};
			name = Debug;
		};
		18AB7BB61B65D52E007AF566 /* Release */ = {
			isa = XCBuildConfiguration;
			buildSettings = {
				BUNDLE_LOADER = "$(TEST_HOST)";
				FRAMEWORK_SEARCH_PATHS = (
					"$(SDKROOT)/Developer/Library/Frameworks",
					"$(inherited)",
				);
				INFOPLIST_FILE = kpToDoAppTests/Info.plist;
				LD_RUNPATH_SEARCH_PATHS = "$(inherited) @executable_path/Frameworks @loader_path/Frameworks";
				PRODUCT_NAME = "$(TARGET_NAME)";
				TEST_HOST = "$(BUILT_PRODUCTS_DIR)/kpToDoApp.app/kpToDoApp";
			};
			name = Release;
		};
/* End XCBuildConfiguration section */

/* Begin XCConfigurationList section */
		18AB7B891B65D52E007AF566 /* Build configuration list for PBXProject "kpToDoApp" */ = {
			isa = XCConfigurationList;
			buildConfigurations = (
				18AB7BAF1B65D52E007AF566 /* Debug */,
				18AB7BB01B65D52E007AF566 /* Release */,
			);
			defaultConfigurationIsVisible = 0;
			defaultConfigurationName = Release;
		};
		18AB7BB11B65D52E007AF566 /* Build configuration list for PBXNativeTarget "kpToDoApp" */ = {
			isa = XCConfigurationList;
			buildConfigurations = (
				18AB7BB21B65D52E007AF566 /* Debug */,
				18AB7BB31B65D52E007AF566 /* Release */,
			);
			defaultConfigurationIsVisible = 0;
			defaultConfigurationName = Release;
		};
		18AB7BB41B65D52E007AF566 /* Build configuration list for PBXNativeTarget "kpToDoAppTests" */ = {
			isa = XCConfigurationList;
			buildConfigurations = (
				18AB7BB51B65D52E007AF566 /* Debug */,
				18AB7BB61B65D52E007AF566 /* Release */,
			);
			defaultConfigurationIsVisible = 0;
			defaultConfigurationName = Release;
		};
/* End XCConfigurationList section */
	};
	rootObject = 18AB7B861B65D52E007AF566 /* Project object */;
}
